
Microsoft Visual Studio Solution File, Format Version 12.00
# Visual Studio 15
VisualStudioVersion = 15.0.27703.2026
MinimumVisualStudioVersion = 10.0.40219.1
Project("{FAE04EC0-301F-11D3-BF4B-00C04F79EFBC}") = "MTD-Editor", "MTD-Editor\MTD-Editor.csproj", "{59A79EB3-7E8F-4DAF-88F0-0CF12A8F7645}"
EndProject
Global
	GlobalSection(SolutionConfigurationPlatforms) = preSolution
		Debug|Any CPU = Debug|Any CPU
		Release|Any CPU = Release|Any CPU
	EndGlobalSection
	GlobalSection(ProjectConfigurationPlatforms) = postSolution
		{59A79EB3-7E8F-4DAF-88F0-0CF12A8F7645}.Debug|Any CPU.ActiveCfg = Debug|Any CPU
		{59A79EB3-7E8F-4DAF-88F0-0CF12A8F7645}.Debug|Any CPU.Build.0 = Debug|Any CPU
		{59A79EB3-7E8F-4DAF-88F0-0CF12A8F7645}.Release|Any CPU.ActiveCfg = Release|Any CPU
		{59A79EB3-7E8F-4DAF-88F0-0CF12A8F7645}.Release|Any CPU.Build.0 = Release|Any CPU
	EndGlobalSection
	GlobalSection(SolutionProperties) = preSolution
		HideSolutionNode = FALSE
	EndGlobalSection
	GlobalSection(ExtensibilityGlobals) = postSolution
		SolutionGuid = {5BD4F78A-B64C-4E3C-808C-6137A502C462}
	EndGlobalSection
EndGlobal
